// !$*UTF8*$!
{
	archiveVersion = 1;
	classes = {
	};
	objectVersion = 77;
	objects = {

/* Begin PBXBuildFile section */
		B2A64ECFEF6E6C3A9D634E26 /* Pods_PokeMon_UIKit.framework in Frameworks */ = {isa = PBXBuildFile; fileRef = EAAFB3C8918D37FDE28CFD17 /* Pods_PokeMon_UIKit.framework */; };
		F6CA2B772D63264600F04242 /* Assets.xcassets in Resources */ = {isa = PBXBuildFile; fileRef = F6CA2B6C2D63264600F04242 /* Assets.xcassets */; };
		F6CA2B792D63264600F04242 /* LaunchScreen.storyboard in Resources */ = {isa = PBXBuildFile; fileRef = F6CA2B6F2D63264600F04242 /* LaunchScreen.storyboard */; };
		F6CA2B7B2D63264600F04242 /* AppDelegate.swift in Sources */ = {isa = PBXBuildFile; fileRef = F6CA2B6B2D63264600F04242 /* AppDelegate.swift */; };
		F6CA2B7C2D63264600F04242 /* PokeMon_UIKit.xcdatamodeld in Sources */ = {isa = PBXBuildFile; fileRef = F6CA2B722D63264600F04242 /* PokeMon_UIKit.xcdatamodeld */; };
		F6CA2B7D2D63264600F04242 /* SceneDelegate.swift in Sources */ = {isa = PBXBuildFile; fileRef = F6CA2B732D63264600F04242 /* SceneDelegate.swift */; };
		F6CA2B862D63291300F04242 /* UIColor+Extension.swift in Sources */ = {isa = PBXBuildFile; fileRef = F6CA2B852D63291300F04242 /* UIColor+Extension.swift */; };
		F6CA2B982D6329BA00F04242 /* UIView+Extension.swift in Sources */ = {isa = PBXBuildFile; fileRef = F6CA2B972D6329BA00F04242 /* UIView+Extension.swift */; };
		F6CA2B9A2D6329C600F04242 /* UIViewController+Extension.swift in Sources */ = {isa = PBXBuildFile; fileRef = F6CA2B992D6329C600F04242 /* UIViewController+Extension.swift */; };
		F6CA2B9C2D63303400F04242 /* Pokemon.swift in Sources */ = {isa = PBXBuildFile; fileRef = F6CA2B9B2D63303400F04242 /* Pokemon.swift */; };
		F6CA2BC42D64065300F04242 /* PokemonType.swift in Sources */ = {isa = PBXBuildFile; fileRef = F6CA2BC32D64065300F04242 /* PokemonType.swift */; };
		F6CA2BEC2D64153800F04242 /* ThemeFont.swift in Sources */ = {isa = PBXBuildFile; fileRef = F6CA2BEB2D64153800F04242 /* ThemeFont.swift */; };
		F6CA2BEE2D6415B900F04242 /* ThemeColor.swift in Sources */ = {isa = PBXBuildFile; fileRef = F6CA2BED2D6415B900F04242 /* ThemeColor.swift */; };
		F6CA2BF12D641C7100F04242 /* TypeLabel.swift in Sources */ = {isa = PBXBuildFile; fileRef = F6CA2BF02D641C7100F04242 /* TypeLabel.swift */; };
		F6CA2BF32D64239300F04242 /* ImageContainerView.swift in Sources */ = {isa = PBXBuildFile; fileRef = F6CA2BF22D64239300F04242 /* ImageContainerView.swift */; };
		F6CA2BF52D644C7C00F04242 /* PokemonInfoView.swift in Sources */ = {isa = PBXBuildFile; fileRef = F6CA2BF42D644C7C00F04242 /* PokemonInfoView.swift */; };
		F6CA2BF72D64562C00F04242 /* ListViewController.swift in Sources */ = {isa = PBXBuildFile; fileRef = F6CA2BF62D64562C00F04242 /* ListViewController.swift */; };
		F6CA2BF92D64563400F04242 /* ListViewModel.swift in Sources */ = {isa = PBXBuildFile; fileRef = F6CA2BF82D64563400F04242 /* ListViewModel.swift */; };
		F6CA2BFB2D6463AE00F04242 /* PokedexServiceType.swift in Sources */ = {isa = PBXBuildFile; fileRef = F6CA2BFA2D6463AE00F04242 /* PokedexServiceType.swift */; };
		F6CA2BFD2D6466D900F04242 /* PokedexService.swift in Sources */ = {isa = PBXBuildFile; fileRef = F6CA2BFC2D6466D900F04242 /* PokedexService.swift */; };
		F6CA2BFF2D6481F600F04242 /* PokemonCell.swift in Sources */ = {isa = PBXBuildFile; fileRef = F6CA2BFE2D6481F600F04242 /* PokemonCell.swift */; };
		F6CA2C012D656FCE00F04242 /* LoadingView.swift in Sources */ = {isa = PBXBuildFile; fileRef = F6CA2C002D656FCE00F04242 /* LoadingView.swift */; };
		F6CA2C032D6595D300F04242 /* DetailViewModel.swift in Sources */ = {isa = PBXBuildFile; fileRef = F6CA2C022D6595D300F04242 /* DetailViewModel.swift */; };
		F6CA2C052D659A6500F04242 /* DetailViewController.swift in Sources */ = {isa = PBXBuildFile; fileRef = F6CA2C042D659A6500F04242 /* DetailViewController.swift */; };
		F6CA2C072D659ACB00F04242 /* PokemonStatView.swift in Sources */ = {isa = PBXBuildFile; fileRef = F6CA2C062D659ACB00F04242 /* PokemonStatView.swift */; };
		F6CA2C092D659B9C00F04242 /* StatGraph.swift in Sources */ = {isa = PBXBuildFile; fileRef = F6CA2C082D659B9C00F04242 /* StatGraph.swift */; };
		F6CA2C1E2D65B68000F04242 /* PokemonAnimationTransition.swift in Sources */ = {isa = PBXBuildFile; fileRef = F6CA2C1D2D65B68000F04242 /* PokemonAnimationTransition.swift */; };
		F6CA2C202D65BCC100F04242 /* CardPresentationController.swift in Sources */ = {isa = PBXBuildFile; fileRef = F6CA2C1F2D65BCC100F04242 /* CardPresentationController.swift */; };
		F6CA2C312D66FF3F00F04242 /* PokemonSpecies.swift in Sources */ = {isa = PBXBuildFile; fileRef = F6CA2C302D66FF3F00F04242 /* PokemonSpecies.swift */; };
		F6E7D4E62D6C6062008B0724 /* FavViewController.swift in Sources */ = {isa = PBXBuildFile; fileRef = F6E7D4E52D6C6062008B0724 /* FavViewController.swift */; };
		F6E7D4E82D6C6074008B0724 /* FavViewModel.swift in Sources */ = {isa = PBXBuildFile; fileRef = F6E7D4E72D6C6074008B0724 /* FavViewModel.swift */; };
		F6E7D4EA2D6C67E9008B0724 /* SearchViewController.swift in Sources */ = {isa = PBXBuildFile; fileRef = F6E7D4E92D6C67E9008B0724 /* SearchViewController.swift */; };
		F6E7D4EC2D6C6802008B0724 /* SearchViewModel.swift in Sources */ = {isa = PBXBuildFile; fileRef = F6E7D4EB2D6C6802008B0724 /* SearchViewModel.swift */; };
		F6E7D4F32D6D4939008B0724 /* WidgetKit.framework in Frameworks */ = {isa = PBXBuildFile; fileRef = F6E7D4F22D6D4939008B0724 /* WidgetKit.framework */; };
		F6E7D4F52D6D4939008B0724 /* SwiftUI.framework in Frameworks */ = {isa = PBXBuildFile; fileRef = F6E7D4F42D6D4939008B0724 /* SwiftUI.framework */; };
		F6E7D5062D6D493A008B0724 /* PokeMonWidgetExtension.appex in Embed Foundation Extensions */ = {isa = PBXBuildFile; fileRef = F6E7D4F12D6D4939008B0724 /* PokeMonWidgetExtension.appex */; settings = {ATTRIBUTES = (RemoveHeadersOnCopy, ); }; };
/* End PBXBuildFile section */

/* Begin PBXContainerItemProxy section */
		F6E7D5042D6D493A008B0724 /* PBXContainerItemProxy */ = {
			isa = PBXContainerItemProxy;
			containerPortal = F6CA2B452D63228B00F04242 /* Project object */;
			proxyType = 1;
			remoteGlobalIDString = F6E7D4F02D6D4939008B0724;
			remoteInfo = PokeMonWidgetExtension;
		};
/* End PBXContainerItemProxy section */

/* Begin PBXCopyFilesBuildPhase section */
		F6E7D50B2D6D493A008B0724 /* Embed Foundation Extensions */ = {
			isa = PBXCopyFilesBuildPhase;
			buildActionMask = 2147483647;
			dstPath = "";
			dstSubfolderSpec = 13;
			files = (
				F6E7D5062D6D493A008B0724 /* PokeMonWidgetExtension.appex in Embed Foundation Extensions */,
			);
			name = "Embed Foundation Extensions";
			runOnlyForDeploymentPostprocessing = 0;
		};
/* End PBXCopyFilesBuildPhase section */

/* Begin PBXFileReference section */
		EAAFB3C8918D37FDE28CFD17 /* Pods_PokeMon_UIKit.framework */ = {isa = PBXFileReference; explicitFileType = wrapper.framework; includeInIndex = 0; path = Pods_PokeMon_UIKit.framework; sourceTree = BUILT_PRODUCTS_DIR; };
		F680372369422DF80B6F8520 /* Pods-PokeMon-UIKit.debug.xcconfig */ = {isa = PBXFileReference; includeInIndex = 1; lastKnownFileType = text.xcconfig; name = "Pods-PokeMon-UIKit.debug.xcconfig"; path = "Target Support Files/Pods-PokeMon-UIKit/Pods-PokeMon-UIKit.debug.xcconfig"; sourceTree = "<group>"; };
		F6CA2B4D2D63228B00F04242 /* PokeMon-UIKit.app */ = {isa = PBXFileReference; explicitFileType = wrapper.application; includeInIndex = 0; path = "PokeMon-UIKit.app"; sourceTree = BUILT_PRODUCTS_DIR; };
		F6CA2B6B2D63264600F04242 /* AppDelegate.swift */ = {isa = PBXFileReference; lastKnownFileType = sourcecode.swift; path = AppDelegate.swift; sourceTree = "<group>"; };
		F6CA2B6C2D63264600F04242 /* Assets.xcassets */ = {isa = PBXFileReference; lastKnownFileType = folder.assetcatalog; path = Assets.xcassets; sourceTree = "<group>"; };
		F6CA2B6D2D63264600F04242 /* Info.plist */ = {isa = PBXFileReference; lastKnownFileType = text.plist.xml; path = Info.plist; sourceTree = "<group>"; };
		F6CA2B6E2D63264600F04242 /* Base */ = {isa = PBXFileReference; lastKnownFileType = file.storyboard; name = Base; path = Base.lproj/LaunchScreen.storyboard; sourceTree = "<group>"; };
		F6CA2B732D63264600F04242 /* SceneDelegate.swift */ = {isa = PBXFileReference; lastKnownFileType = sourcecode.swift; path = SceneDelegate.swift; sourceTree = "<group>"; };
		F6CA2B762D63264600F04242 /* PokeMon_UIKit.xcdatamodel */ = {isa = PBXFileReference; lastKnownFileType = wrapper.xcdatamodel; path = PokeMon_UIKit.xcdatamodel; sourceTree = "<group>"; };
		F6CA2B852D63291300F04242 /* UIColor+Extension.swift */ = {isa = PBXFileReference; lastKnownFileType = sourcecode.swift; path = "UIColor+Extension.swift"; sourceTree = "<group>"; };
		F6CA2B972D6329BA00F04242 /* UIView+Extension.swift */ = {isa = PBXFileReference; lastKnownFileType = sourcecode.swift; path = "UIView+Extension.swift"; sourceTree = "<group>"; };
		F6CA2B992D6329C600F04242 /* UIViewController+Extension.swift */ = {isa = PBXFileReference; lastKnownFileType = sourcecode.swift; path = "UIViewController+Extension.swift"; sourceTree = "<group>"; };
		F6CA2B9B2D63303400F04242 /* Pokemon.swift */ = {isa = PBXFileReference; lastKnownFileType = sourcecode.swift; path = Pokemon.swift; sourceTree = "<group>"; };
		F6CA2BC32D64065300F04242 /* PokemonType.swift */ = {isa = PBXFileReference; lastKnownFileType = sourcecode.swift; path = PokemonType.swift; sourceTree = "<group>"; };
		F6CA2BEB2D64153800F04242 /* ThemeFont.swift */ = {isa = PBXFileReference; lastKnownFileType = sourcecode.swift; path = ThemeFont.swift; sourceTree = "<group>"; };
		F6CA2BED2D6415B900F04242 /* ThemeColor.swift */ = {isa = PBXFileReference; lastKnownFileType = sourcecode.swift; path = ThemeColor.swift; sourceTree = "<group>"; };
		F6CA2BF02D641C7100F04242 /* TypeLabel.swift */ = {isa = PBXFileReference; lastKnownFileType = sourcecode.swift; path = TypeLabel.swift; sourceTree = "<group>"; };
		F6CA2BF22D64239300F04242 /* ImageContainerView.swift */ = {isa = PBXFileReference; lastKnownFileType = sourcecode.swift; path = ImageContainerView.swift; sourceTree = "<group>"; };
		F6CA2BF42D644C7C00F04242 /* PokemonInfoView.swift */ = {isa = PBXFileReference; lastKnownFileType = sourcecode.swift; path = PokemonInfoView.swift; sourceTree = "<group>"; };
		F6CA2BF62D64562C00F04242 /* ListViewController.swift */ = {isa = PBXFileReference; lastKnownFileType = sourcecode.swift; path = ListViewController.swift; sourceTree = "<group>"; };
		F6CA2BF82D64563400F04242 /* ListViewModel.swift */ = {isa = PBXFileReference; lastKnownFileType = sourcecode.swift; path = ListViewModel.swift; sourceTree = "<group>"; };
		F6CA2BFA2D6463AE00F04242 /* PokedexServiceType.swift */ = {isa = PBXFileReference; lastKnownFileType = sourcecode.swift; path = PokedexServiceType.swift; sourceTree = "<group>"; };
		F6CA2BFC2D6466D900F04242 /* PokedexService.swift */ = {isa = PBXFileReference; lastKnownFileType = sourcecode.swift; path = PokedexService.swift; sourceTree = "<group>"; };
		F6CA2BFE2D6481F600F04242 /* PokemonCell.swift */ = {isa = PBXFileReference; lastKnownFileType = sourcecode.swift; path = PokemonCell.swift; sourceTree = "<group>"; };
		F6CA2C002D656FCE00F04242 /* LoadingView.swift */ = {isa = PBXFileReference; lastKnownFileType = sourcecode.swift; path = LoadingView.swift; sourceTree = "<group>"; };
		F6CA2C022D6595D300F04242 /* DetailViewModel.swift */ = {isa = PBXFileReference; lastKnownFileType = sourcecode.swift; path = DetailViewModel.swift; sourceTree = "<group>"; };
		F6CA2C042D659A6500F04242 /* DetailViewController.swift */ = {isa = PBXFileReference; lastKnownFileType = sourcecode.swift; path = DetailViewController.swift; sourceTree = "<group>"; };
		F6CA2C062D659ACB00F04242 /* PokemonStatView.swift */ = {isa = PBXFileReference; lastKnownFileType = sourcecode.swift; path = PokemonStatView.swift; sourceTree = "<group>"; };
		F6CA2C082D659B9C00F04242 /* StatGraph.swift */ = {isa = PBXFileReference; lastKnownFileType = sourcecode.swift; path = StatGraph.swift; sourceTree = "<group>"; };
		F6CA2C1D2D65B68000F04242 /* PokemonAnimationTransition.swift */ = {isa = PBXFileReference; lastKnownFileType = sourcecode.swift; path = PokemonAnimationTransition.swift; sourceTree = "<group>"; };
		F6CA2C1F2D65BCC100F04242 /* CardPresentationController.swift */ = {isa = PBXFileReference; lastKnownFileType = sourcecode.swift; path = CardPresentationController.swift; sourceTree = "<group>"; };
		F6CA2C302D66FF3F00F04242 /* PokemonSpecies.swift */ = {isa = PBXFileReference; lastKnownFileType = sourcecode.swift; path = PokemonSpecies.swift; sourceTree = "<group>"; };
		F6E7D4E52D6C6062008B0724 /* FavViewController.swift */ = {isa = PBXFileReference; lastKnownFileType = sourcecode.swift; path = FavViewController.swift; sourceTree = "<group>"; };
		F6E7D4E72D6C6074008B0724 /* FavViewModel.swift */ = {isa = PBXFileReference; lastKnownFileType = sourcecode.swift; path = FavViewModel.swift; sourceTree = "<group>"; };
		F6E7D4E92D6C67E9008B0724 /* SearchViewController.swift */ = {isa = PBXFileReference; lastKnownFileType = sourcecode.swift; path = SearchViewController.swift; sourceTree = "<group>"; };
		F6E7D4EB2D6C6802008B0724 /* SearchViewModel.swift */ = {isa = PBXFileReference; lastKnownFileType = sourcecode.swift; path = SearchViewModel.swift; sourceTree = "<group>"; };
		F6E7D4F12D6D4939008B0724 /* PokeMonWidgetExtension.appex */ = {isa = PBXFileReference; explicitFileType = "wrapper.app-extension"; includeInIndex = 0; path = PokeMonWidgetExtension.appex; sourceTree = BUILT_PRODUCTS_DIR; };
		F6E7D4F22D6D4939008B0724 /* WidgetKit.framework */ = {isa = PBXFileReference; lastKnownFileType = wrapper.framework; name = WidgetKit.framework; path = System/Library/Frameworks/WidgetKit.framework; sourceTree = SDKROOT; };
		F6E7D4F42D6D4939008B0724 /* SwiftUI.framework */ = {isa = PBXFileReference; lastKnownFileType = wrapper.framework; name = SwiftUI.framework; path = System/Library/Frameworks/SwiftUI.framework; sourceTree = SDKROOT; };
		FEB80577F0BB7ACE9C6A47C8 /* Pods-PokeMon-UIKit.release.xcconfig */ = {isa = PBXFileReference; includeInIndex = 1; lastKnownFileType = text.xcconfig; name = "Pods-PokeMon-UIKit.release.xcconfig"; path = "Target Support Files/Pods-PokeMon-UIKit/Pods-PokeMon-UIKit.release.xcconfig"; sourceTree = "<group>"; };
/* End PBXFileReference section */

/* Begin PBXFileSystemSynchronizedBuildFileExceptionSet section */
		F6E7D5072D6D493A008B0724 /* Exceptions for "PokeMonWidget" folder in "PokeMonWidgetExtension" target */ = {
			isa = PBXFileSystemSynchronizedBuildFileExceptionSet;
			membershipExceptions = (
				Info.plist,
			);
			target = F6E7D4F02D6D4939008B0724 /* PokeMonWidgetExtension */;
		};
/* End PBXFileSystemSynchronizedBuildFileExceptionSet section */

/* Begin PBXFileSystemSynchronizedRootGroup section */
		F6E7D4F62D6D4939008B0724 /* PokeMonWidget */ = {
			isa = PBXFileSystemSynchronizedRootGroup;
			exceptions = (
				F6E7D5072D6D493A008B0724 /* Exceptions for "PokeMonWidget" folder in "PokeMonWidgetExtension" target */,
			);
			path = PokeMonWidget;
			sourceTree = "<group>";
		};
/* End PBXFileSystemSynchronizedRootGroup section */

/* Begin PBXFrameworksBuildPhase section */
		F6CA2B4A2D63228B00F04242 /* Frameworks */ = {
			isa = PBXFrameworksBuildPhase;
			buildActionMask = 2147483647;
			files = (
				B2A64ECFEF6E6C3A9D634E26 /* Pods_PokeMon_UIKit.framework in Frameworks */,
			);
			runOnlyForDeploymentPostprocessing = 0;
		};
		F6E7D4EE2D6D4939008B0724 /* Frameworks */ = {
			isa = PBXFrameworksBuildPhase;
			buildActionMask = 2147483647;
			files = (
				F6E7D4F52D6D4939008B0724 /* SwiftUI.framework in Frameworks */,
				F6E7D4F32D6D4939008B0724 /* WidgetKit.framework in Frameworks */,
			);
			runOnlyForDeploymentPostprocessing = 0;
		};
/* End PBXFrameworksBuildPhase section */

/* Begin PBXGroup section */
		9BE709826394F434E3F99B0B /* Frameworks */ = {
			isa = PBXGroup;
			children = (
				EAAFB3C8918D37FDE28CFD17 /* Pods_PokeMon_UIKit.framework */,
				F6E7D4F22D6D4939008B0724 /* WidgetKit.framework */,
				F6E7D4F42D6D4939008B0724 /* SwiftUI.framework */,
			);
			name = Frameworks;
			sourceTree = "<group>";
		};
		BE403A17F851B9392888C671 /* Pods */ = {
			isa = PBXGroup;
			children = (
				F680372369422DF80B6F8520 /* Pods-PokeMon-UIKit.debug.xcconfig */,
				FEB80577F0BB7ACE9C6A47C8 /* Pods-PokeMon-UIKit.release.xcconfig */,
			);
			path = Pods;
			sourceTree = "<group>";
		};
		F6CA2B442D63228B00F04242 = {
			isa = PBXGroup;
			children = (
				F6CA2B752D63264600F04242 /* PokeMon-UIKit */,
				F6E7D4F62D6D4939008B0724 /* PokeMonWidget */,
				F6CA2B4E2D63228B00F04242 /* Products */,
				BE403A17F851B9392888C671 /* Pods */,
				9BE709826394F434E3F99B0B /* Frameworks */,
			);
			sourceTree = "<group>";
		};
		F6CA2B4E2D63228B00F04242 /* Products */ = {
			isa = PBXGroup;
			children = (
				F6CA2B4D2D63228B00F04242 /* PokeMon-UIKit.app */,
				F6E7D4F12D6D4939008B0724 /* PokeMonWidgetExtension.appex */,
			);
			name = Products;
			sourceTree = "<group>";
		};
		F6CA2B6A2D63264600F04242 /* Theme */ = {
			isa = PBXGroup;
			children = (
				F6CA2BEB2D64153800F04242 /* ThemeFont.swift */,
				F6CA2BED2D6415B900F04242 /* ThemeColor.swift */,
			);
			path = Theme;
			sourceTree = "<group>";
		};
		F6CA2B752D63264600F04242 /* PokeMon-UIKit */ = {
			isa = PBXGroup;
			children = (
				F6CA2B6B2D63264600F04242 /* AppDelegate.swift */,
				F6CA2B732D63264600F04242 /* SceneDelegate.swift */,
				F6CA2B6A2D63264600F04242 /* Theme */,
				F6CA2B7F2D63265300F04242 /* Service */,
				F6CA2B802D63265D00F04242 /* Model */,
				F6CA2B812D63266700F04242 /* View */,
				F6CA2B822D63266E00F04242 /* ViewModel */,
				F6CA2B832D63267500F04242 /* Extension */,
				F6CA2B842D63267D00F04242 /* Transition */,
				F6CA2B6C2D63264600F04242 /* Assets.xcassets */,
				F6CA2B6F2D63264600F04242 /* LaunchScreen.storyboard */,
				F6CA2B6D2D63264600F04242 /* Info.plist */,
				F6CA2B722D63264600F04242 /* PokeMon_UIKit.xcdatamodeld */,
			);
			path = "PokeMon-UIKit";
			sourceTree = "<group>";
		};
		F6CA2B7F2D63265300F04242 /* Service */ = {
			isa = PBXGroup;
			children = (
				F6CA2BFA2D6463AE00F04242 /* PokedexServiceType.swift */,
				F6CA2BFC2D6466D900F04242 /* PokedexService.swift */,
			);
			path = Service;
			sourceTree = "<group>";
		};
		F6CA2B802D63265D00F04242 /* Model */ = {
			isa = PBXGroup;
			children = (
				F6CA2B9B2D63303400F04242 /* Pokemon.swift */,
				F6CA2BC32D64065300F04242 /* PokemonType.swift */,
				F6CA2C302D66FF3F00F04242 /* PokemonSpecies.swift */,
			);
			path = Model;
			sourceTree = "<group>";
		};
		F6CA2B812D63266700F04242 /* View */ = {
			isa = PBXGroup;
			children = (
				F6CA2BF62D64562C00F04242 /* ListViewController.swift */,
				F6CA2C042D659A6500F04242 /* DetailViewController.swift */,
				F6E7D4E92D6C67E9008B0724 /* SearchViewController.swift */,
				F6E7D4E52D6C6062008B0724 /* FavViewController.swift */,
				F6CA2BFE2D6481F600F04242 /* PokemonCell.swift */,
				F6CA2BEF2D641C6300F04242 /* Custom */,
			);
			path = View;
			sourceTree = "<group>";
		};
		F6CA2B822D63266E00F04242 /* ViewModel */ = {
			isa = PBXGroup;
			children = (
				F6CA2BF82D64563400F04242 /* ListViewModel.swift */,
				F6CA2C022D6595D300F04242 /* DetailViewModel.swift */,
				F6E7D4EB2D6C6802008B0724 /* SearchViewModel.swift */,
				F6E7D4E72D6C6074008B0724 /* FavViewModel.swift */,
			);
			path = ViewModel;
			sourceTree = "<group>";
		};
		F6CA2B832D63267500F04242 /* Extension */ = {
			isa = PBXGroup;
			children = (
				F6CA2B852D63291300F04242 /* UIColor+Extension.swift */,
				F6CA2B972D6329BA00F04242 /* UIView+Extension.swift */,
				F6CA2B992D6329C600F04242 /* UIViewController+Extension.swift */,
			);
			path = Extension;
			sourceTree = "<group>";
		};
		F6CA2B842D63267D00F04242 /* Transition */ = {
			isa = PBXGroup;
			children = (
				F6CA2C1F2D65BCC100F04242 /* CardPresentationController.swift */,
				F6CA2C1D2D65B68000F04242 /* PokemonAnimationTransition.swift */,
			);
			path = Transition;
			sourceTree = "<group>";
		};
		F6CA2BEF2D641C6300F04242 /* Custom */ = {
			isa = PBXGroup;
			children = (
				F6CA2BF02D641C7100F04242 /* TypeLabel.swift */,
				F6CA2BF22D64239300F04242 /* ImageContainerView.swift */,
				F6CA2BF42D644C7C00F04242 /* PokemonInfoView.swift */,
				F6CA2C062D659ACB00F04242 /* PokemonStatView.swift */,
				F6CA2C082D659B9C00F04242 /* StatGraph.swift */,
				F6CA2C002D656FCE00F04242 /* LoadingView.swift */,
			);
			path = Custom;
			sourceTree = "<group>";
		};
/* End PBXGroup section */

/* Begin PBXNativeTarget section */
		F6CA2B4C2D63228B00F04242 /* PokeMon-UIKit */ = {
			isa = PBXNativeTarget;
			buildConfigurationList = F6CA2B632D63228C00F04242 /* Build configuration list for PBXNativeTarget "PokeMon-UIKit" */;
			buildPhases = (
				2D28AAD07B34C7725FF86B94 /* [CP] Check Pods Manifest.lock */,
				F6CA2B492D63228B00F04242 /* Sources */,
				F6CA2B4A2D63228B00F04242 /* Frameworks */,
				F6CA2B4B2D63228B00F04242 /* Resources */,
				4C3DBEB87184DCFC197D36A5 /* [CP] Embed Pods Frameworks */,
				F6E7D50B2D6D493A008B0724 /* Embed Foundation Extensions */,
			);
			buildRules = (
			);
			dependencies = (
				F6E7D5052D6D493A008B0724 /* PBXTargetDependency */,
			);
			name = "PokeMon-UIKit";
			productName = "PokeMon-UIKit";
			productReference = F6CA2B4D2D63228B00F04242 /* PokeMon-UIKit.app */;
			productType = "com.apple.product-type.application";
		};
		F6E7D4F02D6D4939008B0724 /* PokeMonWidgetExtension */ = {
			isa = PBXNativeTarget;
			buildConfigurationList = F6E7D5082D6D493A008B0724 /* Build configuration list for PBXNativeTarget "PokeMonWidgetExtension" */;
			buildPhases = (
				F6E7D4ED2D6D4939008B0724 /* Sources */,
				F6E7D4EE2D6D4939008B0724 /* Frameworks */,
				F6E7D4EF2D6D4939008B0724 /* Resources */,
			);
			buildRules = (
			);
			dependencies = (
			);
			fileSystemSynchronizedGroups = (
				F6E7D4F62D6D4939008B0724 /* PokeMonWidget */,
			);
			name = PokeMonWidgetExtension;
			packageProductDependencies = (
			);
			productName = PokeMonWidgetExtension;
			productReference = F6E7D4F12D6D4939008B0724 /* PokeMonWidgetExtension.appex */;
			productType = "com.apple.product-type.app-extension";
		};
/* End PBXNativeTarget section */

/* Begin PBXProject section */
		F6CA2B452D63228B00F04242 /* Project object */ = {
			isa = PBXProject;
			attributes = {
				BuildIndependentTargetsInParallel = 1;
				LastSwiftUpdateCheck = 1600;
				LastUpgradeCheck = 1600;
				TargetAttributes = {
					F6CA2B4C2D63228B00F04242 = {
						CreatedOnToolsVersion = 16.0;
					};
					F6E7D4F02D6D4939008B0724 = {
						CreatedOnToolsVersion = 16.0;
					};
				};
			};
			buildConfigurationList = F6CA2B482D63228B00F04242 /* Build configuration list for PBXProject "PokeMon-UIKit" */;
			developmentRegion = en;
			hasScannedForEncodings = 0;
			knownRegions = (
				en,
				Base,
			);
			mainGroup = F6CA2B442D63228B00F04242;
			minimizedProjectReferenceProxies = 1;
			preferredProjectObjectVersion = 77;
			productRefGroup = F6CA2B4E2D63228B00F04242 /* Products */;
			projectDirPath = "";
			projectRoot = "";
			targets = (
				F6CA2B4C2D63228B00F04242 /* PokeMon-UIKit */,
				F6E7D4F02D6D4939008B0724 /* PokeMonWidgetExtension */,
			);
		};
/* End PBXProject section */

/* Begin PBXResourcesBuildPhase section */
		F6CA2B4B2D63228B00F04242 /* Resources */ = {
			isa = PBXResourcesBuildPhase;
			buildActionMask = 2147483647;
			files = (
				F6CA2B772D63264600F04242 /* Assets.xcassets in Resources */,
				F6CA2B792D63264600F04242 /* LaunchScreen.storyboard in Resources */,
			);
			runOnlyForDeploymentPostprocessing = 0;
		};
		F6E7D4EF2D6D4939008B0724 /* Resources */ = {
			isa = PBXResourcesBuildPhase;
			buildActionMask = 2147483647;
			files = (
			);
			runOnlyForDeploymentPostprocessing = 0;
		};
/* End PBXResourcesBuildPhase section */

/* Begin PBXShellScriptBuildPhase section */
		2D28AAD07B34C7725FF86B94 /* [CP] Check Pods Manifest.lock */ = {
			isa = PBXShellScriptBuildPhase;
			buildActionMask = 2147483647;
			files = (
			);
			inputFileListPaths = (
			);
			inputPaths = (
				"${PODS_PODFILE_DIR_PATH}/Podfile.lock",
				"${PODS_ROOT}/Manifest.lock",
			);
			name = "[CP] Check Pods Manifest.lock";
			outputFileListPaths = (
			);
			outputPaths = (
				"$(DERIVED_FILE_DIR)/Pods-PokeMon-UIKit-checkManifestLockResult.txt",
			);
			runOnlyForDeploymentPostprocessing = 0;
			shellPath = /bin/sh;
			shellScript = "diff \"${PODS_PODFILE_DIR_PATH}/Podfile.lock\" \"${PODS_ROOT}/Manifest.lock\" > /dev/null\nif [ $? != 0 ] ; then\n    # print error to STDERR\n    echo \"error: The sandbox is not in sync with the Podfile.lock. Run 'pod install' or update your CocoaPods installation.\" >&2\n    exit 1\nfi\n# This output is used by Xcode 'outputs' to avoid re-running this script phase.\necho \"SUCCESS\" > \"${SCRIPT_OUTPUT_FILE_0}\"\n";
			showEnvVarsInLog = 0;
		};
		4C3DBEB87184DCFC197D36A5 /* [CP] Embed Pods Frameworks */ = {
			isa = PBXShellScriptBuildPhase;
			buildActionMask = 2147483647;
			files = (
			);
			inputFileListPaths = (
				"${PODS_ROOT}/Target Support Files/Pods-PokeMon-UIKit/Pods-PokeMon-UIKit-frameworks-${CONFIGURATION}-input-files.xcfilelist",
			);
			name = "[CP] Embed Pods Frameworks";
			outputFileListPaths = (
				"${PODS_ROOT}/Target Support Files/Pods-PokeMon-UIKit/Pods-PokeMon-UIKit-frameworks-${CONFIGURATION}-output-files.xcfilelist",
			);
			runOnlyForDeploymentPostprocessing = 0;
			shellPath = /bin/sh;
			shellScript = "\"${PODS_ROOT}/Target Support Files/Pods-PokeMon-UIKit/Pods-PokeMon-UIKit-frameworks.sh\"\n";
			showEnvVarsInLog = 0;
		};
/* End PBXShellScriptBuildPhase section */

/* Begin PBXSourcesBuildPhase section */
		F6CA2B492D63228B00F04242 /* Sources */ = {
			isa = PBXSourcesBuildPhase;
			buildActionMask = 2147483647;
			files = (
				F6CA2BF32D64239300F04242 /* ImageContainerView.swift in Sources */,
				F6CA2B9C2D63303400F04242 /* Pokemon.swift in Sources */,
				F6E7D4E82D6C6074008B0724 /* FavViewModel.swift in Sources */,
				F6CA2BF12D641C7100F04242 /* TypeLabel.swift in Sources */,
				F6CA2C032D6595D300F04242 /* DetailViewModel.swift in Sources */,
				F6CA2B9A2D6329C600F04242 /* UIViewController+Extension.swift in Sources */,
				F6E7D4EC2D6C6802008B0724 /* SearchViewModel.swift in Sources */,
				F6CA2B7B2D63264600F04242 /* AppDelegate.swift in Sources */,
				F6CA2C1E2D65B68000F04242 /* PokemonAnimationTransition.swift in Sources */,
				F6CA2C072D659ACB00F04242 /* PokemonStatView.swift in Sources */,
				F6CA2C312D66FF3F00F04242 /* PokemonSpecies.swift in Sources */,
				F6CA2C052D659A6500F04242 /* DetailViewController.swift in Sources */,
				F6CA2BF92D64563400F04242 /* ListViewModel.swift in Sources */,
				F6CA2C092D659B9C00F04242 /* StatGraph.swift in Sources */,
				F6E7D4E62D6C6062008B0724 /* FavViewController.swift in Sources */,
				F6CA2BFB2D6463AE00F04242 /* PokedexServiceType.swift in Sources */,
				F6CA2BEC2D64153800F04242 /* ThemeFont.swift in Sources */,
				F6CA2BF72D64562C00F04242 /* ListViewController.swift in Sources */,
				F6CA2B7C2D63264600F04242 /* PokeMon_UIKit.xcdatamodeld in Sources */,
				F6CA2BF52D644C7C00F04242 /* PokemonInfoView.swift in Sources */,
				F6CA2B7D2D63264600F04242 /* SceneDelegate.swift in Sources */,
				F6CA2BFD2D6466D900F04242 /* PokedexService.swift in Sources */,
				F6CA2B982D6329BA00F04242 /* UIView+Extension.swift in Sources */,
				F6CA2B862D63291300F04242 /* UIColor+Extension.swift in Sources */,
				F6CA2BC42D64065300F04242 /* PokemonType.swift in Sources */,
				F6CA2BEE2D6415B900F04242 /* ThemeColor.swift in Sources */,
				F6CA2C202D65BCC100F04242 /* CardPresentationController.swift in Sources */,
				F6CA2C012D656FCE00F04242 /* LoadingView.swift in Sources */,
				F6CA2BFF2D6481F600F04242 /* PokemonCell.swift in Sources */,
				F6E7D4EA2D6C67E9008B0724 /* SearchViewController.swift in Sources */,
			);
			runOnlyForDeploymentPostprocessing = 0;
		};
		F6E7D4ED2D6D4939008B0724 /* Sources */ = {
			isa = PBXSourcesBuildPhase;
			buildActionMask = 2147483647;
			files = (
			);
			runOnlyForDeploymentPostprocessing = 0;
		};
/* End PBXSourcesBuildPhase section */

/* Begin PBXTargetDependency section */
		F6E7D5052D6D493A008B0724 /* PBXTargetDependency */ = {
			isa = PBXTargetDependency;
			target = F6E7D4F02D6D4939008B0724 /* PokeMonWidgetExtension */;
			targetProxy = F6E7D5042D6D493A008B0724 /* PBXContainerItemProxy */;
		};
/* End PBXTargetDependency section */

/* Begin PBXVariantGroup section */
		F6CA2B6F2D63264600F04242 /* LaunchScreen.storyboard */ = {
			isa = PBXVariantGroup;
			children = (
				F6CA2B6E2D63264600F04242 /* Base */,
			);
			name = LaunchScreen.storyboard;
			sourceTree = "<group>";
		};
/* End PBXVariantGroup section */

/* Begin XCBuildConfiguration section */
		F6CA2B642D63228C00F04242 /* Debug */ = {
			isa = XCBuildConfiguration;
			baseConfigurationReference = F680372369422DF80B6F8520 /* Pods-PokeMon-UIKit.debug.xcconfig */;
			buildSettings = {
				ASSETCATALOG_COMPILER_APPICON_NAME = AppIcon;
				ASSETCATALOG_COMPILER_GLOBAL_ACCENT_COLOR_NAME = AccentColor;
				CODE_SIGN_STYLE = Automatic;
				CURRENT_PROJECT_VERSION = 1;
				DEVELOPMENT_TEAM = 7DVWGZFH6N;
				ENABLE_USER_SCRIPT_SANDBOXING = NO;
				GENERATE_INFOPLIST_FILE = YES;
				INFOPLIST_FILE = "PokeMon-UIKit/Info.plist";
				INFOPLIST_KEY_UIApplicationSupportsIndirectInputEvents = YES;
				INFOPLIST_KEY_UILaunchStoryboardName = LaunchScreen;
				INFOPLIST_KEY_UISupportedInterfaceOrientations_iPad = "UIInterfaceOrientationPortrait UIInterfaceOrientationPortraitUpsideDown UIInterfaceOrientationLandscapeLeft UIInterfaceOrientationLandscapeRight";
				INFOPLIST_KEY_UISupportedInterfaceOrientations_iPhone = "UIInterfaceOrientationPortrait UIInterfaceOrientationLandscapeLeft UIInterfaceOrientationLandscapeRight";
				IPHONEOS_DEPLOYMENT_TARGET = 18.0;
				LD_RUNPATH_SEARCH_PATHS = (
					"$(inherited)",
					"@executable_path/Frameworks",
				);
				MARKETING_VERSION = 1.0;
				PRODUCT_BUNDLE_IDENTIFIER = "com.emptyhead.PokeMon-UIKit";
				PRODUCT_NAME = "$(TARGET_NAME)";
				SWIFT_EMIT_LOC_STRINGS = YES;
				SWIFT_VERSION = 5.0;
				TARGETED_DEVICE_FAMILY = "1,2";
			};
			name = Debug;
		};
		F6CA2B652D63228C00F04242 /* Release */ = {
			isa = XCBuildConfiguration;
			baseConfigurationReference = FEB80577F0BB7ACE9C6A47C8 /* Pods-PokeMon-UIKit.release.xcconfig */;
			buildSettings = {
				ASSETCATALOG_COMPILER_APPICON_NAME = AppIcon;
				ASSETCATALOG_COMPILER_GLOBAL_ACCENT_COLOR_NAME = AccentColor;
				CODE_SIGN_STYLE = Automatic;
				CURRENT_PROJECT_VERSION = 1;
				DEVELOPMENT_TEAM = 7DVWGZFH6N;
				ENABLE_USER_SCRIPT_SANDBOXING = NO;
				GENERATE_INFOPLIST_FILE = YES;
				INFOPLIST_FILE = "PokeMon-UIKit/Info.plist";
				INFOPLIST_KEY_UIApplicationSupportsIndirectInputEvents = YES;
				INFOPLIST_KEY_UILaunchStoryboardName = LaunchScreen;
				INFOPLIST_KEY_UISupportedInterfaceOrientations_iPad = "UIInterfaceOrientationPortrait UIInterfaceOrientationPortraitUpsideDown UIInterfaceOrientationLandscapeLeft UIInterfaceOrientationLandscapeRight";
				INFOPLIST_KEY_UISupportedInterfaceOrientations_iPhone = "UIInterfaceOrientationPortrait UIInterfaceOrientationLandscapeLeft UIInterfaceOrientationLandscapeRight";
				IPHONEOS_DEPLOYMENT_TARGET = 18.0;
				LD_RUNPATH_SEARCH_PATHS = (
					"$(inherited)",
					"@executable_path/Frameworks",
				);
				MARKETING_VERSION = 1.0;
				PRODUCT_BUNDLE_IDENTIFIER = "com.emptyhead.PokeMon-UIKit";
				PRODUCT_NAME = "$(TARGET_NAME)";
				SWIFT_EMIT_LOC_STRINGS = YES;
				SWIFT_VERSION = 5.0;
				TARGETED_DEVICE_FAMILY = "1,2";
			};
			name = Release;
		};
		F6CA2B662D63228C00F04242 /* Debug */ = {
			isa = XCBuildConfiguration;
			buildSettings = {
				ALWAYS_SEARCH_USER_PATHS = NO;
				ASSETCATALOG_COMPILER_GENERATE_SWIFT_ASSET_SYMBOL_EXTENSIONS = YES;
				CLANG_ANALYZER_NONNULL = YES;
				CLANG_ANALYZER_NUMBER_OBJECT_CONVERSION = YES_AGGRESSIVE;
				CLANG_CXX_LANGUAGE_STANDARD = "gnu++20";
				CLANG_ENABLE_MODULES = YES;
				CLANG_ENABLE_OBJC_ARC = YES;
				CLANG_ENABLE_OBJC_WEAK = YES;
				CLANG_WARN_BLOCK_CAPTURE_AUTORELEASING = YES;
				CLANG_WARN_BOOL_CONVERSION = YES;
				CLANG_WARN_COMMA = YES;
				CLANG_WARN_CONSTANT_CONVERSION = YES;
				CLANG_WARN_DEPRECATED_OBJC_IMPLEMENTATIONS = YES;
				CLANG_WARN_DIRECT_OBJC_ISA_USAGE = YES_ERROR;
				CLANG_WARN_DOCUMENTATION_COMMENTS = YES;
				CLANG_WARN_EMPTY_BODY = YES;
				CLANG_WARN_ENUM_CONVERSION = YES;
				CLANG_WARN_INFINITE_RECURSION = YES;
				CLANG_WARN_INT_CONVERSION = YES;
				CLANG_WARN_NON_LITERAL_NULL_CONVERSION = YES;
				CLANG_WARN_OBJC_IMPLICIT_RETAIN_SELF = YES;
				CLANG_WARN_OBJC_LITERAL_CONVERSION = YES;
				CLANG_WARN_OBJC_ROOT_CLASS = YES_ERROR;
				CLANG_WARN_QUOTED_INCLUDE_IN_FRAMEWORK_HEADER = YES;
				CLANG_WARN_RANGE_LOOP_ANALYSIS = YES;
				CLANG_WARN_STRICT_PROTOTYPES = YES;
				CLANG_WARN_SUSPICIOUS_MOVE = YES;
				CLANG_WARN_UNGUARDED_AVAILABILITY = YES_AGGRESSIVE;
				CLANG_WARN_UNREACHABLE_CODE = YES;
				CLANG_WARN__DUPLICATE_METHOD_MATCH = YES;
				COPY_PHASE_STRIP = NO;
				DEBUG_INFORMATION_FORMAT = dwarf;
				ENABLE_STRICT_OBJC_MSGSEND = YES;
				ENABLE_TESTABILITY = YES;
				ENABLE_USER_SCRIPT_SANDBOXING = YES;
				GCC_C_LANGUAGE_STANDARD = gnu17;
				GCC_DYNAMIC_NO_PIC = NO;
				GCC_NO_COMMON_BLOCKS = YES;
				GCC_OPTIMIZATION_LEVEL = 0;
				GCC_PREPROCESSOR_DEFINITIONS = (
					"DEBUG=1",
					"$(inherited)",
				);
				GCC_WARN_64_TO_32_BIT_CONVERSION = YES;
				GCC_WARN_ABOUT_RETURN_TYPE = YES_ERROR;
				GCC_WARN_UNDECLARED_SELECTOR = YES;
				GCC_WARN_UNINITIALIZED_AUTOS = YES_AGGRESSIVE;
				GCC_WARN_UNUSED_FUNCTION = YES;
				GCC_WARN_UNUSED_VARIABLE = YES;
				IPHONEOS_DEPLOYMENT_TARGET = 18.0;
				LOCALIZATION_PREFERS_STRING_CATALOGS = YES;
				MTL_ENABLE_DEBUG_INFO = INCLUDE_SOURCE;
				MTL_FAST_MATH = YES;
				ONLY_ACTIVE_ARCH = YES;
				SDKROOT = iphoneos;
				SWIFT_ACTIVE_COMPILATION_CONDITIONS = "DEBUG $(inherited)";
				SWIFT_OPTIMIZATION_LEVEL = "-Onone";
			};
			name = Debug;
		};
		F6CA2B672D63228C00F04242 /* Release */ = {
			isa = XCBuildConfiguration;
			buildSettings = {
				ALWAYS_SEARCH_USER_PATHS = NO;
				ASSETCATALOG_COMPILER_GENERATE_SWIFT_ASSET_SYMBOL_EXTENSIONS = YES;
				CLANG_ANALYZER_NONNULL = YES;
				CLANG_ANALYZER_NUMBER_OBJECT_CONVERSION = YES_AGGRESSIVE;
				CLANG_CXX_LANGUAGE_STANDARD = "gnu++20";
				CLANG_ENABLE_MODULES = YES;
				CLANG_ENABLE_OBJC_ARC = YES;
				CLANG_ENABLE_OBJC_WEAK = YES;
				CLANG_WARN_BLOCK_CAPTURE_AUTORELEASING = YES;
				CLANG_WARN_BOOL_CONVERSION = YES;
				CLANG_WARN_COMMA = YES;
				CLANG_WARN_CONSTANT_CONVERSION = YES;
				CLANG_WARN_DEPRECATED_OBJC_IMPLEMENTATIONS = YES;
				CLANG_WARN_DIRECT_OBJC_ISA_USAGE = YES_ERROR;
				CLANG_WARN_DOCUMENTATION_COMMENTS = YES;
				CLANG_WARN_EMPTY_BODY = YES;
				CLANG_WARN_ENUM_CONVERSION = YES;
				CLANG_WARN_INFINITE_RECURSION = YES;
				CLANG_WARN_INT_CONVERSION = YES;
				CLANG_WARN_NON_LITERAL_NULL_CONVERSION = YES;
				CLANG_WARN_OBJC_IMPLICIT_RETAIN_SELF = YES;
				CLANG_WARN_OBJC_LITERAL_CONVERSION = YES;
				CLANG_WARN_OBJC_ROOT_CLASS = YES_ERROR;
				CLANG_WARN_QUOTED_INCLUDE_IN_FRAMEWORK_HEADER = YES;
				CLANG_WARN_RANGE_LOOP_ANALYSIS = YES;
				CLANG_WARN_STRICT_PROTOTYPES = YES;
				CLANG_WARN_SUSPICIOUS_MOVE = YES;
				CLANG_WARN_UNGUARDED_AVAILABILITY = YES_AGGRESSIVE;
				CLANG_WARN_UNREACHABLE_CODE = YES;
				CLANG_WARN__DUPLICATE_METHOD_MATCH = YES;
				COPY_PHASE_STRIP = NO;
				DEBUG_INFORMATION_FORMAT = "dwarf-with-dsym";
				ENABLE_NS_ASSERTIONS = NO;
				ENABLE_STRICT_OBJC_MSGSEND = YES;
				ENABLE_USER_SCRIPT_SANDBOXING = YES;
				GCC_C_LANGUAGE_STANDARD = gnu17;
				GCC_NO_COMMON_BLOCKS = YES;
				GCC_WARN_64_TO_32_BIT_CONVERSION = YES;
				GCC_WARN_ABOUT_RETURN_TYPE = YES_ERROR;
				GCC_WARN_UNDECLARED_SELECTOR = YES;
				GCC_WARN_UNINITIALIZED_AUTOS = YES_AGGRESSIVE;
				GCC_WARN_UNUSED_FUNCTION = YES;
				GCC_WARN_UNUSED_VARIABLE = YES;
				IPHONEOS_DEPLOYMENT_TARGET = 18.0;
				LOCALIZATION_PREFERS_STRING_CATALOGS = YES;
				MTL_ENABLE_DEBUG_INFO = NO;
				MTL_FAST_MATH = YES;
				SDKROOT = iphoneos;
				SWIFT_COMPILATION_MODE = wholemodule;
				VALIDATE_PRODUCT = YES;
			};
			name = Release;
		};
		F6E7D5092D6D493A008B0724 /* Debug */ = {
			isa = XCBuildConfiguration;
			buildSettings = {
				ASSETCATALOG_COMPILER_GLOBAL_ACCENT_COLOR_NAME = AccentColor;
				ASSETCATALOG_COMPILER_WIDGET_BACKGROUND_COLOR_NAME = WidgetBackground;
				CODE_SIGN_STYLE = Automatic;
				CURRENT_PROJECT_VERSION = 1;
				DEVELOPMENT_TEAM = 7DVWGZFH6N;
				ENABLE_USER_SCRIPT_SANDBOXING = NO;
				GENERATE_INFOPLIST_FILE = YES;
				INFOPLIST_FILE = PokeMonWidget/Info.plist;
				INFOPLIST_KEY_CFBundleDisplayName = PokeMonWidget;
				INFOPLIST_KEY_NSHumanReadableCopyright = "";
				IPHONEOS_DEPLOYMENT_TARGET = 18.0;
				LD_RUNPATH_SEARCH_PATHS = (
					"$(inherited)",
					"@executable_path/Frameworks",
					"@executable_path/../../Frameworks",
				);
				MARKETING_VERSION = 1.0;
				PRODUCT_BUNDLE_IDENTIFIER = "com.emptyhead.PokeMon-UIKit.PokeMonWidget";
				PRODUCT_NAME = "$(TARGET_NAME)";
				SKIP_INSTALL = YES;
				SWIFT_EMIT_LOC_STRINGS = YES;
				SWIFT_VERSION = 5.0;
				TARGETED_DEVICE_FAMILY = "1,2";
			};
			name = Debug;
		};
		F6E7D50A2D6D493A008B0724 /* Release */ = {
			isa = XCBuildConfiguration;
			buildSettings = {
				ASSETCATALOG_COMPILER_GLOBAL_ACCENT_COLOR_NAME = AccentColor;
				ASSETCATALOG_COMPILER_WIDGET_BACKGROUND_COLOR_NAME = WidgetBackground;
				CODE_SIGN_STYLE = Automatic;
				CURRENT_PROJECT_VERSION = 1;
				DEVELOPMENT_TEAM = 7DVWGZFH6N;
				ENABLE_USER_SCRIPT_SANDBOXING = NO;
				GENERATE_INFOPLIST_FILE = YES;
				INFOPLIST_FILE = PokeMonWidget/Info.plist;
				INFOPLIST_KEY_CFBundleDisplayName = PokeMonWidget;
				INFOPLIST_KEY_NSHumanReadableCopyright = "";
				IPHONEOS_DEPLOYMENT_TARGET = 18.0;
				LD_RUNPATH_SEARCH_PATHS = (
					"$(inherited)",
					"@executable_path/Frameworks",
					"@executable_path/../../Frameworks",
				);
				MARKETING_VERSION = 1.0;
				PRODUCT_BUNDLE_IDENTIFIER = "com.emptyhead.PokeMon-UIKit.PokeMonWidget";
				PRODUCT_NAME = "$(TARGET_NAME)";
				SKIP_INSTALL = YES;
				SWIFT_EMIT_LOC_STRINGS = YES;
				SWIFT_VERSION = 5.0;
				TARGETED_DEVICE_FAMILY = "1,2";
			};
			name = Release;
		};
/* End XCBuildConfiguration section */

/* Begin XCConfigurationList section */
		F6CA2B482D63228B00F04242 /* Build configuration list for PBXProject "PokeMon-UIKit" */ = {
			isa = XCConfigurationList;
			buildConfigurations = (
				F6CA2B662D63228C00F04242 /* Debug */,
				F6CA2B672D63228C00F04242 /* Release */,
			);
			defaultConfigurationIsVisible = 0;
			defaultConfigurationName = Release;
		};
		F6CA2B632D63228C00F04242 /* Build configuration list for PBXNativeTarget "PokeMon-UIKit" */ = {
			isa = XCConfigurationList;
			buildConfigurations = (
				F6CA2B642D63228C00F04242 /* Debug */,
				F6CA2B652D63228C00F04242 /* Release */,
			);
			defaultConfigurationIsVisible = 0;
			defaultConfigurationName = Release;
		};
		F6E7D5082D6D493A008B0724 /* Build configuration list for PBXNativeTarget "PokeMonWidgetExtension" */ = {
			isa = XCConfigurationList;
			buildConfigurations = (
				F6E7D5092D6D493A008B0724 /* Debug */,
				F6E7D50A2D6D493A008B0724 /* Release */,
			);
			defaultConfigurationIsVisible = 0;
			defaultConfigurationName = Release;
		};
/* End XCConfigurationList section */

/* Begin XCVersionGroup section */
		F6CA2B722D63264600F04242 /* PokeMon_UIKit.xcdatamodeld */ = {
			isa = XCVersionGroup;
			children = (
				F6CA2B762D63264600F04242 /* PokeMon_UIKit.xcdatamodel */,
			);
			currentVersion = F6CA2B762D63264600F04242 /* PokeMon_UIKit.xcdatamodel */;
			path = PokeMon_UIKit.xcdatamodeld;
			sourceTree = "<group>";
			versionGroupType = wrapper.xcdatamodel;
		};
/* End XCVersionGroup section */
	};
	rootObject = F6CA2B452D63228B00F04242 /* Project object */;
}
